// !$*UTF8*$!
{
	archiveVersion = 1;
	classes = {
	};
	objectVersion = 46;
	objects = {

/* Begin PBXBuildFile section */
		F8C166CB1924D1F600A90E5A /* Foundation.framework in Frameworks */ = {isa = PBXBuildFile; fileRef = F8C166CA1924D1F600A90E5A /* Foundation.framework */; };
		F8C166CD1924D1F600A90E5A /* CoreGraphics.framework in Frameworks */ = {isa = PBXBuildFile; fileRef = F8C166CC1924D1F600A90E5A /* CoreGraphics.framework */; };
		F8C166CF1924D1F600A90E5A /* UIKit.framework in Frameworks */ = {isa = PBXBuildFile; fileRef = F8C166CE1924D1F600A90E5A /* UIKit.framework */; };
		F8C166D51924D1F600A90E5A /* InfoPlist.strings in Resources */ = {isa = PBXBuildFile; fileRef = F8C166D31924D1F600A90E5A /* InfoPlist.strings */; };
		F8C166D71924D1F600A90E5A /* main.m in Sources */ = {isa = PBXBuildFile; fileRef = F8C166D61924D1F600A90E5A /* main.m */; };
		F8C166DB1924D1F600A90E5A /* STCAppDelegate.m in Sources */ = {isa = PBXBuildFile; fileRef = F8C166DA1924D1F600A90E5A /* STCAppDelegate.m */; };
		F8C166DE1924D1F600A90E5A /* Main.storyboard in Resources */ = {isa = PBXBuildFile; fileRef = F8C166DC1924D1F600A90E5A /* Main.storyboard */; };
		F8C166E11924D1F600A90E5A /* STCViewController.m in Sources */ = {isa = PBXBuildFile; fileRef = F8C166E01924D1F600A90E5A /* STCViewController.m */; };
		F8C166E31924D1F600A90E5A /* Images.xcassets in Resources */ = {isa = PBXBuildFile; fileRef = F8C166E21924D1F600A90E5A /* Images.xcassets */; };
		F8C166EA1924D1F600A90E5A /* XCTest.framework in Frameworks */ = {isa = PBXBuildFile; fileRef = F8C166E91924D1F600A90E5A /* XCTest.framework */; };
		F8C166EB1924D1F600A90E5A /* Foundation.framework in Frameworks */ = {isa = PBXBuildFile; fileRef = F8C166CA1924D1F600A90E5A /* Foundation.framework */; };
		F8C166EC1924D1F600A90E5A /* UIKit.framework in Frameworks */ = {isa = PBXBuildFile; fileRef = F8C166CE1924D1F600A90E5A /* UIKit.framework */; };
		F8C166F41924D1F600A90E5A /* InfoPlist.strings in Resources */ = {isa = PBXBuildFile; fileRef = F8C166F21924D1F600A90E5A /* InfoPlist.strings */; };
		F8C166F61924D1F600A90E5A /* Wish_List_ApplicationTests.m in Sources */ = {isa = PBXBuildFile; fileRef = F8C166F51924D1F600A90E5A /* Wish_List_ApplicationTests.m */; };
/* End PBXBuildFile section */

/* Begin PBXContainerItemProxy section */
		F8C166ED1924D1F600A90E5A /* PBXContainerItemProxy */ = {
			isa = PBXContainerItemProxy;
			containerPortal = F8C166BF1924D1F600A90E5A /* Project object */;
			proxyType = 1;
			remoteGlobalIDString = F8C166C61924D1F600A90E5A;
			remoteInfo = "Wish List Application";
		};
/* End PBXContainerItemProxy section */

/* Begin PBXFileReference section */
		F8C166C71924D1F600A90E5A /* Wish List Application.app */ = {isa = PBXFileReference; explicitFileType = wrapper.application; includeInIndex = 0; path = "Wish List Application.app"; sourceTree = BUILT_PRODUCTS_DIR; };
		F8C166CA1924D1F600A90E5A /* Foundation.framework */ = {isa = PBXFileReference; lastKnownFileType = wrapper.framework; name = Foundation.framework; path = System/Library/Frameworks/Foundation.framework; sourceTree = SDKROOT; };
		F8C166CC1924D1F600A90E5A /* CoreGraphics.framework */ = {isa = PBXFileReference; lastKnownFileType = wrapper.framework; name = CoreGraphics.framework; path = System/Library/Frameworks/CoreGraphics.framework; sourceTree = SDKROOT; };
		F8C166CE1924D1F600A90E5A /* UIKit.framework */ = {isa = PBXFileReference; lastKnownFileType = wrapper.framework; name = UIKit.framework; path = System/Library/Frameworks/UIKit.framework; sourceTree = SDKROOT; };
		F8C166D21924D1F600A90E5A /* Wish List Application-Info.plist */ = {isa = PBXFileReference; lastKnownFileType = text.plist.xml; path = "Wish List Application-Info.plist"; sourceTree = "<group>"; };
		F8C166D41924D1F600A90E5A /* en */ = {isa = PBXFileReference; lastKnownFileType = text.plist.strings; name = en; path = en.lproj/InfoPlist.strings; sourceTree = "<group>"; };
		F8C166D61924D1F600A90E5A /* main.m */ = {isa = PBXFileReference; lastKnownFileType = sourcecode.c.objc; path = main.m; sourceTree = "<group>"; };
		F8C166D81924D1F600A90E5A /* Wish List Application-Prefix.pch */ = {isa = PBXFileReference; lastKnownFileType = sourcecode.c.h; path = "Wish List Application-Prefix.pch"; sourceTree = "<group>"; };
		F8C166D91924D1F600A90E5A /* STCAppDelegate.h */ = {isa = PBXFileReference; lastKnownFileType = sourcecode.c.h; path = STCAppDelegate.h; sourceTree = "<group>"; };
		F8C166DA1924D1F600A90E5A /* STCAppDelegate.m */ = {isa = PBXFileReference; lastKnownFileType = sourcecode.c.objc; path = STCAppDelegate.m; sourceTree = "<group>"; };
		F8C166DD1924D1F600A90E5A /* Base */ = {isa = PBXFileReference; lastKnownFileType = file.storyboard; name = Base; path = Base.lproj/Main.storyboard; sourceTree = "<group>"; };
		F8C166DF1924D1F600A90E5A /* STCViewController.h */ = {isa = PBXFileReference; lastKnownFileType = sourcecode.c.h; path = STCViewController.h; sourceTree = "<group>"; };
		F8C166E01924D1F600A90E5A /* STCViewController.m */ = {isa = PBXFileReference; lastKnownFileType = sourcecode.c.objc; path = STCViewController.m; sourceTree = "<group>"; };
		F8C166E21924D1F600A90E5A /* Images.xcassets */ = {isa = PBXFileReference; lastKnownFileType = folder.assetcatalog; path = Images.xcassets; sourceTree = "<group>"; };
		F8C166E81924D1F600A90E5A /* Wish List ApplicationTests.xctest */ = {isa = PBXFileReference; explicitFileType = wrapper.cfbundle; includeInIndex = 0; path = "Wish List ApplicationTests.xctest"; sourceTree = BUILT_PRODUCTS_DIR; };
		F8C166E91924D1F600A90E5A /* XCTest.framework */ = {isa = PBXFileReference; lastKnownFileType = wrapper.framework; name = XCTest.framework; path = Library/Frameworks/XCTest.framework; sourceTree = DEVELOPER_DIR; };
		F8C166F11924D1F600A90E5A /* Wish List ApplicationTests-Info.plist */ = {isa = PBXFileReference; lastKnownFileType = text.plist.xml; path = "Wish List ApplicationTests-Info.plist"; sourceTree = "<group>"; };
		F8C166F31924D1F600A90E5A /* en */ = {isa = PBXFileReference; lastKnownFileType = text.plist.strings; name = en; path = en.lproj/InfoPlist.strings; sourceTree = "<group>"; };
		F8C166F51924D1F600A90E5A /* Wish_List_ApplicationTests.m */ = {isa = PBXFileReference; lastKnownFileType = sourcecode.c.objc; path = Wish_List_ApplicationTests.m; sourceTree = "<group>"; };
/* End PBXFileReference section */

/* Begin PBXFrameworksBuildPhase section */
		F8C166C41924D1F600A90E5A /* Frameworks */ = {
			isa = PBXFrameworksBuildPhase;
			buildActionMask = 2147483647;
			files = (
				F8C166CD1924D1F600A90E5A /* CoreGraphics.framework in Frameworks */,
				F8C166CF1924D1F600A90E5A /* UIKit.framework in Frameworks */,
				F8C166CB1924D1F600A90E5A /* Foundation.framework in Frameworks */,
			);
			runOnlyForDeploymentPostprocessing = 0;
		};
		F8C166E51924D1F600A90E5A /* Frameworks */ = {
			isa = PBXFrameworksBuildPhase;
			buildActionMask = 2147483647;
			files = (
				F8C166EA1924D1F600A90E5A /* XCTest.framework in Frameworks */,
				F8C166EC1924D1F600A90E5A /* UIKit.framework in Frameworks */,
				F8C166EB1924D1F600A90E5A /* Foundation.framework in Frameworks */,
			);
			runOnlyForDeploymentPostprocessing = 0;
		};
/* End PBXFrameworksBuildPhase section */

/* Begin PBXGroup section */
		F8C166BE1924D1F600A90E5A = {
			isa = PBXGroup;
			children = (
				F8C166D01924D1F600A90E5A /* Wish List Application */,
				F8C166EF1924D1F600A90E5A /* Wish List ApplicationTests */,
				F8C166C91924D1F600A90E5A /* Frameworks */,
				F8C166C81924D1F600A90E5A /* Products */,
			);
			sourceTree = "<group>";
		};
		F8C166C81924D1F600A90E5A /* Products */ = {
			isa = PBXGroup;
			children = (
				F8C166C71924D1F600A90E5A /* Wish List Application.app */,
				F8C166E81924D1F600A90E5A /* Wish List ApplicationTests.xctest */,
			);
			name = Products;
			sourceTree = "<group>";
		};
		F8C166C91924D1F600A90E5A /* Frameworks */ = {
			isa = PBXGroup;
			children = (
				F8C166CA1924D1F600A90E5A /* Foundation.framework */,
				F8C166CC1924D1F600A90E5A /* CoreGraphics.framework */,
				F8C166CE1924D1F600A90E5A /* UIKit.framework */,
				F8C166E91924D1F600A90E5A /* XCTest.framework */,
			);
			name = Frameworks;
			sourceTree = "<group>";
		};
		F8C166D01924D1F600A90E5A /* Wish List Application */ = {
			isa = PBXGroup;
			children = (
				F8C166D91924D1F600A90E5A /* STCAppDelegate.h */,
				F8C166DA1924D1F600A90E5A /* STCAppDelegate.m */,
				F8C166DC1924D1F600A90E5A /* Main.storyboard */,
				F8C166DF1924D1F600A90E5A /* STCViewController.h */,
				F8C166E01924D1F600A90E5A /* STCViewController.m */,
				F8C166E21924D1F600A90E5A /* Images.xcassets */,
				F8C166D11924D1F600A90E5A /* Supporting Files */,
			);
			path = "Wish List Application";
			sourceTree = "<group>";
		};
		F8C166D11924D1F600A90E5A /* Supporting Files */ = {
			isa = PBXGroup;
			children = (
				F8C166D21924D1F600A90E5A /* Wish List Application-Info.plist */,
				F8C166D31924D1F600A90E5A /* InfoPlist.strings */,
				F8C166D61924D1F600A90E5A /* main.m */,
				F8C166D81924D1F600A90E5A /* Wish List Application-Prefix.pch */,
			);
			name = "Supporting Files";
			sourceTree = "<group>";
		};
		F8C166EF1924D1F600A90E5A /* Wish List ApplicationTests */ = {
			isa = PBXGroup;
			children = (
				F8C166F51924D1F600A90E5A /* Wish_List_ApplicationTests.m */,
				F8C166F01924D1F600A90E5A /* Supporting Files */,
			);
			path = "Wish List ApplicationTests";
			sourceTree = "<group>";
		};
		F8C166F01924D1F600A90E5A /* Supporting Files */ = {
			isa = PBXGroup;
			children = (
				F8C166F11924D1F600A90E5A /* Wish List ApplicationTests-Info.plist */,
				F8C166F21924D1F600A90E5A /* InfoPlist.strings */,
			);
			name = "Supporting Files";
			sourceTree = "<group>";
		};
/* End PBXGroup section */

/* Begin PBXNativeTarget section */
		F8C166C61924D1F600A90E5A /* Wish List Application */ = {
			isa = PBXNativeTarget;
			buildConfigurationList = F8C166F91924D1F600A90E5A /* Build configuration list for PBXNativeTarget "Wish List Application" */;
			buildPhases = (
				F8C166C31924D1F600A90E5A /* Sources */,
				F8C166C41924D1F600A90E5A /* Frameworks */,
				F8C166C51924D1F600A90E5A /* Resources */,
			);
			buildRules = (
			);
			dependencies = (
			);
			name = "Wish List Application";
			productName = "Wish List Application";
			productReference = F8C166C71924D1F600A90E5A /* Wish List Application.app */;
			productType = "com.apple.product-type.application";
		};
		F8C166E71924D1F600A90E5A /* Wish List ApplicationTests */ = {
			isa = PBXNativeTarget;
			buildConfigurationList = F8C166FC1924D1F600A90E5A /* Build configuration list for PBXNativeTarget "Wish List ApplicationTests" */;
			buildPhases = (
				F8C166E41924D1F600A90E5A /* Sources */,
				F8C166E51924D1F600A90E5A /* Frameworks */,
				F8C166E61924D1F600A90E5A /* Resources */,
			);
			buildRules = (
			);
			dependencies = (
				F8C166EE1924D1F600A90E5A /* PBXTargetDependency */,
			);
			name = "Wish List ApplicationTests";
			productName = "Wish List ApplicationTests";
			productReference = F8C166E81924D1F600A90E5A /* Wish List ApplicationTests.xctest */;
			productType = "com.apple.product-type.bundle.unit-test";
		};
/* End PBXNativeTarget section */

/* Begin PBXProject section */
		F8C166BF1924D1F600A90E5A /* Project object */ = {
			isa = PBXProject;
			attributes = {
				CLASSPREFIX = STC;
				LastUpgradeCheck = 0510;
				ORGANIZATIONNAME = "One foot after the other";
				TargetAttributes = {
					F8C166E71924D1F600A90E5A = {
						TestTargetID = F8C166C61924D1F600A90E5A;
					};
				};
			};
			buildConfigurationList = F8C166C21924D1F600A90E5A /* Build configuration list for PBXProject "Wish List Application" */;
			compatibilityVersion = "Xcode 3.2";
			developmentRegion = English;
			hasScannedForEncodings = 0;
			knownRegions = (
				en,
				Base,
			);
			mainGroup = F8C166BE1924D1F600A90E5A;
			productRefGroup = F8C166C81924D1F600A90E5A /* Products */;
			projectDirPath = "";
			projectRoot = "";
			targets = (
				F8C166C61924D1F600A90E5A /* Wish List Application */,
				F8C166E71924D1F600A90E5A /* Wish List ApplicationTests */,
			);
		};
/* End PBXProject section */

/* Begin PBXResourcesBuildPhase section */
		F8C166C51924D1F600A90E5A /* Resources */ = {
			isa = PBXResourcesBuildPhase;
			buildActionMask = 2147483647;
			files = (
				F8C166E31924D1F600A90E5A /* Images.xcassets in Resources */,
				F8C166D51924D1F600A90E5A /* InfoPlist.strings in Resources */,
				F8C166DE1924D1F600A90E5A /* Main.storyboard in Resources */,
			);
			runOnlyForDeploymentPostprocessing = 0;
		};
		F8C166E61924D1F600A90E5A /* Resources */ = {
			isa = PBXResourcesBuildPhase;
			buildActionMask = 2147483647;
			files = (
				F8C166F41924D1F600A90E5A /* InfoPlist.strings in Resources */,
			);
			runOnlyForDeploymentPostprocessing = 0;
		};
/* End PBXResourcesBuildPhase section */

/* Begin PBXSourcesBuildPhase section */
		F8C166C31924D1F600A90E5A /* Sources */ = {
			isa = PBXSourcesBuildPhase;
			buildActionMask = 2147483647;
			files = (
				F8C166D71924D1F600A90E5A /* main.m in Sources */,
				F8C166E11924D1F600A90E5A /* STCViewController.m in Sources */,
				F8C166DB1924D1F600A90E5A /* STCAppDelegate.m in Sources */,
			);
			runOnlyForDeploymentPostprocessing = 0;
		};
		F8C166E41924D1F600A90E5A /* Sources */ = {
			isa = PBXSourcesBuildPhase;
			buildActionMask = 2147483647;
			files = (
				F8C166F61924D1F600A90E5A /* Wish_List_ApplicationTests.m in Sources */,
			);
			runOnlyForDeploymentPostprocessing = 0;
		};
/* End PBXSourcesBuildPhase section */

/* Begin PBXTargetDependency section */
		F8C166EE1924D1F600A90E5A /* PBXTargetDependency */ = {
			isa = PBXTargetDependency;
			target = F8C166C61924D1F600A90E5A /* Wish List Application */;
			targetProxy = F8C166ED1924D1F600A90E5A /* PBXContainerItemProxy */;
		};
/* End PBXTargetDependency section */

/* Begin PBXVariantGroup section */
		F8C166D31924D1F600A90E5A /* InfoPlist.strings */ = {
			isa = PBXVariantGroup;
			children = (
				F8C166D41924D1F600A90E5A /* en */,
			);
			name = InfoPlist.strings;
			sourceTree = "<group>";
		};
		F8C166DC1924D1F600A90E5A /* Main.storyboard */ = {
			isa = PBXVariantGroup;
			children = (
				F8C166DD1924D1F600A90E5A /* Base */,
			);
			name = Main.storyboard;
			sourceTree = "<group>";
		};
		F8C166F21924D1F600A90E5A /* InfoPlist.strings */ = {
			isa = PBXVariantGroup;
			children = (
				F8C166F31924D1F600A90E5A /* en */,
			);
			name = InfoPlist.strings;
			sourceTree = "<group>";
		};
/* End PBXVariantGroup section */

/* Begin XCBuildConfiguration section */
		F8C166F71924D1F600A90E5A /* Debug */ = {
			isa = XCBuildConfiguration;
			buildSettings = {
				ALWAYS_SEARCH_USER_PATHS = NO;
				CLANG_CXX_LANGUAGE_STANDARD = "gnu++0x";
				CLANG_CXX_LIBRARY = "libc++";
				CLANG_ENABLE_MODULES = YES;
				CLANG_ENABLE_OBJC_ARC = YES;
				CLANG_WARN_BOOL_CONVERSION = YES;
				CLANG_WARN_CONSTANT_CONVERSION = YES;
				CLANG_WARN_DIRECT_OBJC_ISA_USAGE = YES_ERROR;
				CLANG_WARN_EMPTY_BODY = YES;
				CLANG_WARN_ENUM_CONVERSION = YES;
				CLANG_WARN_INT_CONVERSION = YES;
				CLANG_WARN_OBJC_ROOT_CLASS = YES_ERROR;
				CLANG_WARN__DUPLICATE_METHOD_MATCH = YES;
				"CODE_SIGN_IDENTITY[sdk=iphoneos*]" = "iPhone Developer";
				COPY_PHASE_STRIP = NO;
				GCC_C_LANGUAGE_STANDARD = gnu99;
				GCC_DYNAMIC_NO_PIC = NO;
				GCC_OPTIMIZATION_LEVEL = 0;
				GCC_PREPROCESSOR_DEFINITIONS = (
					"DEBUG=1",
					"$(inherited)",
				);
				GCC_SYMBOLS_PRIVATE_EXTERN = NO;
				GCC_WARN_64_TO_32_BIT_CONVERSION = YES;
				GCC_WARN_ABOUT_RETURN_TYPE = YES_ERROR;
				GCC_WARN_UNDECLARED_SELECTOR = YES;
				GCC_WARN_UNINITIALIZED_AUTOS = YES_AGGRESSIVE;
				GCC_WARN_UNUSED_FUNCTION = YES;
				GCC_WARN_UNUSED_VARIABLE = YES;
				IPHONEOS_DEPLOYMENT_TARGET = 7.1;
				ONLY_ACTIVE_ARCH = YES;
				SDKROOT = iphoneos;
			};
			name = Debug;
		};
		F8C166F81924D1F600A90E5A /* Release */ = {
			isa = XCBuildConfiguration;
			buildSettings = {
				ALWAYS_SEARCH_USER_PATHS = NO;
				CLANG_CXX_LANGUAGE_STANDARD = "gnu++0x";
				CLANG_CXX_LIBRARY = "libc++";
				CLANG_ENABLE_MODULES = YES;
				CLANG_ENABLE_OBJC_ARC = YES;
				CLANG_WARN_BOOL_CONVERSION = YES;
				CLANG_WARN_CONSTANT_CONVERSION = YES;
				CLANG_WARN_DIRECT_OBJC_ISA_USAGE = YES_ERROR;
				CLANG_WARN_EMPTY_BODY = YES;
				CLANG_WARN_ENUM_CONVERSION = YES;
				CLANG_WARN_INT_CONVERSION = YES;
				CLANG_WARN_OBJC_ROOT_CLASS = YES_ERROR;
				CLANG_WARN__DUPLICATE_METHOD_MATCH = YES;
				"CODE_SIGN_IDENTITY[sdk=iphoneos*]" = "iPhone Developer";
				COPY_PHASE_STRIP = YES;
				ENABLE_NS_ASSERTIONS = NO;
				GCC_C_LANGUAGE_STANDARD = gnu99;
				GCC_WARN_64_TO_32_BIT_CONVERSION = YES;
				GCC_WARN_ABOUT_RETURN_TYPE = YES_ERROR;
				GCC_WARN_UNDECLARED_SELECTOR = YES;
				GCC_WARN_UNINITIALIZED_AUTOS = YES_AGGRESSIVE;
				GCC_WARN_UNUSED_FUNCTION = YES;
				GCC_WARN_UNUSED_VARIABLE = YES;
				IPHONEOS_DEPLOYMENT_TARGET = 7.1;
				SDKROOT = iphoneos;
				VALIDATE_PRODUCT = YES;
			};
			name = Release;
		};
		F8C166FA1924D1F600A90E5A /* Debug */ = {
			isa = XCBuildConfiguration;
			buildSettings = {
				ASSETCATALOG_COMPILER_APPICON_NAME = AppIcon;
				ASSETCATALOG_COMPILER_LAUNCHIMAGE_NAME = LaunchImage;
				GCC_PRECOMPILE_PREFIX_HEADER = YES;
				GCC_PREFIX_HEADER = "Wish List Application/Wish List Application-Prefix.pch";
				INFOPLIST_FILE = "Wish List Application/Wish List Application-Info.plist";
				PRODUCT_NAME = "$(TARGET_NAME)";
				WRAPPER_EXTENSION = app;
			};
			name = Debug;
		};
		F8C166FB1924D1F600A90E5A /* Release */ = {
			isa = XCBuildConfiguration;
			buildSettings = {
				ASSETCATALOG_COMPILER_APPICON_NAME = AppIcon;
				ASSETCATALOG_COMPILER_LAUNCHIMAGE_NAME = LaunchImage;
				GCC_PRECOMPILE_PREFIX_HEADER = YES;
				GCC_PREFIX_HEADER = "Wish List Application/Wish List Application-Prefix.pch";
				INFOPLIST_FILE = "Wish List Application/Wish List Application-Info.plist";
				PRODUCT_NAME = "$(TARGET_NAME)";
				WRAPPER_EXTENSION = app;
			};
			name = Release;
		};
		F8C166FD1924D1F600A90E5A /* Debug */ = {
			isa = XCBuildConfiguration;
			buildSettings = {
				BUNDLE_LOADER = "$(BUILT_PRODUCTS_DIR)/Wish List Application.app/Wish List Application";
				FRAMEWORK_SEARCH_PATHS = (
					"$(SDKROOT)/Developer/Library/Frameworks",
					"$(inherited)",
					"$(DEVELOPER_FRAMEWORKS_DIR)",
				);
				GCC_PRECOMPILE_PREFIX_HEADER = YES;
				GCC_PREFIX_HEADER = "Wish List Application/Wish List Application-Prefix.pch";
				GCC_PREPROCESSOR_DEFINITIONS = (
					"DEBUG=1",
					"$(inherited)",
				);
				INFOPLIST_FILE = "Wish List ApplicationTests/Wish List ApplicationTests-Info.plist";
				PRODUCT_NAME = "$(TARGET_NAME)";
				TEST_HOST = "$(BUNDLE_LOADER)";
				WRAPPER_EXTENSION = xctest;
			};
			name = Debug;
		};
		F8C166FE1924D1F600A90E5A /* Release */ = {
			isa = XCBuildConfiguration;
			buildSettings = {
				BUNDLE_LOADER = "$(BUILT_PRODUCTS_DIR)/Wish List Application.app/Wish List Application";
				FRAMEWORK_SEARCH_PATHS = (
					"$(SDKROOT)/Developer/Library/Frameworks",
					"$(inherited)",
					"$(DEVELOPER_FRAMEWORKS_DIR)",
				);
				GCC_PRECOMPILE_PREFIX_HEADER = YES;
				GCC_PREFIX_HEADER = "Wish List Application/Wish List Application-Prefix.pch";
				INFOPLIST_FILE = "Wish List ApplicationTests/Wish List ApplicationTests-Info.plist";
				PRODUCT_NAME = "$(TARGET_NAME)";
				TEST_HOST = "$(BUNDLE_LOADER)";
				WRAPPER_EXTENSION = xctest;
			};
			name = Release;
		};
/* End XCBuildConfiguration section */

/* Begin XCConfigurationList section */
		F8C166C21924D1F600A90E5A /* Build configuration list for PBXProject "Wish List Application" */ = {
			isa = XCConfigurationList;
			buildConfigurations = (
				F8C166F71924D1F600A90E5A /* Debug */,
				F8C166F81924D1F600A90E5A /* Release */,
			);
			defaultConfigurationIsVisible = 0;
			defaultConfigurationName = Release;
		};
		F8C166F91924D1F600A90E5A /* Build configuration list for PBXNativeTarget "Wish List Application" */ = {
			isa = XCConfigurationList;
			buildConfigurations = (
				F8C166FA1924D1F600A90E5A /* Debug */,
				F8C166FB1924D1F600A90E5A /* Release */,
			);
			defaultConfigurationIsVisible = 0;
		};
		F8C166FC1924D1F600A90E5A /* Build configuration list for PBXNativeTarget "Wish List ApplicationTests" */ = {
			isa = XCConfigurationList;
			buildConfigurations = (
				F8C166FD1924D1F600A90E5A /* Debug */,
				F8C166FE1924D1F600A90E5A /* Release */,
			);
			defaultConfigurationIsVisible = 0;
		};
/* End XCConfigurationList section */
	};
	rootObject = F8C166BF1924D1F600A90E5A /* Project object */;
}
